
Microsoft Visual Studio Solution File, Format Version 12.00
# Visual Studio 15
VisualStudioVersion = 15.0.28307.421
MinimumVisualStudioVersion = 10.0.40219.1
Project("{9A19103F-16F7-4668-BE54-9A1E7A4F7556}") = "UserTaskRESTService", "UserTaskRESTService\UserTaskRESTService.csproj", "{39086C81-8ABF-4AFC-949C-18211C5BDBBA}"
EndProject
Project("{FAE04EC0-301F-11D3-BF4B-00C04F79EFBC}") = "UserTask-Tests", "UserTask-Tests\UserTask-Tests.csproj", "{B29AC21B-F5BC-488F-9084-CCE76AE2D9B8}"
EndProject
Global
	GlobalSection(SolutionConfigurationPlatforms) = preSolution
		Debug|Any CPU = Debug|Any CPU
		Release|Any CPU = Release|Any CPU
	EndGlobalSection
	GlobalSection(ProjectConfigurationPlatforms) = postSolution
		{39086C81-8ABF-4AFC-949C-18211C5BDBBA}.Debug|Any CPU.ActiveCfg = Debug|Any CPU
		{39086C81-8ABF-4AFC-949C-18211C5BDBBA}.Debug|Any CPU.Build.0 = Debug|Any CPU
		{39086C81-8ABF-4AFC-949C-18211C5BDBBA}.Release|Any CPU.ActiveCfg = Release|Any CPU
		{39086C81-8ABF-4AFC-949C-18211C5BDBBA}.Release|Any CPU.Build.0 = Release|Any CPU
		{B29AC21B-F5BC-488F-9084-CCE76AE2D9B8}.Debug|Any CPU.ActiveCfg = Debug|Any CPU
		{B29AC21B-F5BC-488F-9084-CCE76AE2D9B8}.Debug|Any CPU.Build.0 = Debug|Any CPU
		{B29AC21B-F5BC-488F-9084-CCE76AE2D9B8}.Release|Any CPU.ActiveCfg = Release|Any CPU
		{B29AC21B-F5BC-488F-9084-CCE76AE2D9B8}.Release|Any CPU.Build.0 = Release|Any CPU
	EndGlobalSection
	GlobalSection(SolutionProperties) = preSolution
		HideSolutionNode = FALSE
	EndGlobalSection
	GlobalSection(ExtensibilityGlobals) = postSolution
		SolutionGuid = {83CAF309-645C-4D3F-A0BA-27835B4556BA}
	EndGlobalSection
EndGlobal
